{
  "version": 4,
  "terraform_version": "1.14.3",
  "serial": 1,
  "lineage": "1a1e9b58-5581-19bf-7a84-141ac7826af1",
  "outputs": {},
  "resources": [
    {
      "mode": "data",
      "type": "openstack_compute_flavor_v2",
      "name": "small",
      "provider": "provider[\"registry.terraform.io/terraform-provider-openstack/openstack\"]",
      "instances": [
        {
          "schema_version": 0,
          "attributes": {
            "description": "",
            "disk": 20,
            "extra_specs": {
              "hw_rng:allowed": "True"
            },
            "flavor_id": "2",
            "id": "2",
            "is_public": true,
            "min_disk": null,
            "min_ram": null,
            "name": "m1.small",
            "ram": 2048,
            "region": null,
            "rx_tx_factor": 1,
            "swap": 0,
            "vcpus": 1
          },
          "sensitive_attributes": [],
          "identity_schema_version": 0
        }
      ]
    },
    {
      "mode": "data",
      "type": "openstack_images_image_v2",
      "name": "cirros",
      "provider": "provider[\"registry.terraform.io/terraform-provider-openstack/openstack\"]",
      "instances": [
        {
          "schema_version": 0,
          "attributes": {
            "checksum": "87617e24a5e30cb3b87fda8c0764838f",
            "container_format": "bare",
            "created_at": "2026-01-21T14:58:25Z",
            "disk_format": "qcow2",
            "file": "/v2/images/1683709e-fc3a-4415-be21-1b866d480a12/file",
            "hidden": false,
            "id": "1683709e-fc3a-4415-be21-1b866d480a12",
            "member_status": null,
            "metadata": {},
            "min_disk_gb": 0,
            "min_ram_mb": 0,
            "most_recent": true,
            "name": "cirros-0.6.3-x86_64-disk",
            "name_regex": null,
            "owner": "fd0d65eead8f4953afa9c1d4c7b8e6e3",
            "properties": {
              "hw_rng_model": "virtio",
              "os_hash_algo": "sha512",
              "os_hash_value": "9a9bce0083a00939ec17c11febbfc767aa211aaa54f51e75c5a8b271a9b5637c77205a518b7a2007cb391d23cceb01e0e4e8d64832317151bc85b734b92a7be0",
              "owner_specified.openstack.md5": "",
              "owner_specified.openstack.object": "images/cirros-0.6.3-x86_64-disk",
              "owner_specified.openstack.sha256": ""
            },
            "protected": false,
            "region": "RegionOne",
            "schema": "/v2/schemas/image",
            "size_bytes": 21692416,
            "size_max": null,
            "size_min": null,
            "sort_direction": "asc",
            "sort_key": "name",
            "tag": null,
            "tags": [],
            "updated_at": "2026-01-21T14:58:26Z",
            "visibility": "public"
          },
          "sensitive_attributes": [],
          "identity_schema_version": 0
        }
      ]
    },
    {
      "mode": "managed",
      "type": "openstack_compute_instance_v2",
      "name": "vm1",
      "provider": "provider[\"registry.terraform.io/terraform-provider-openstack/openstack\"]",
      "instances": [
        {
          "schema_version": 0,
          "attributes": {
            "access_ip_v4": "10.0.0.180",
            "access_ip_v6": "",
            "admin_pass": null,
            "all_metadata": {},
            "all_tags": [],
            "availability_zone": "nova",
            "availability_zone_hints": null,
            "block_device": [],
            "config_drive": null,
            "created": "2026-01-26 09:20:12 +0000 UTC",
            "flavor_id": "2",
            "flavor_name": "m1.small",
            "floating_ip": null,
            "force_delete": false,
            "id": "af74ac52-5e68-46dc-861b-e10ec48cbcc7",
            "image_id": "1683709e-fc3a-4415-be21-1b866d480a12",
            "image_name": "cirros-0.6.3-x86_64-disk",
            "key_pair": "demo-key",
            "metadata": null,
            "name": "test-vm",
            "network": [
              {
                "access_network": false,
                "fixed_ip_v4": "10.0.0.180",
                "fixed_ip_v6": "",
                "floating_ip": "",
                "mac": "fa:16:3e:03:5e:c6",
                "name": "demo-net",
                "port": "",
                "uuid": "b6c7b629-b943-4d9b-8304-6a27e915537d"
              }
            ],
            "network_mode": null,
            "personality": [],
            "power_state": "active",
            "region": "RegionOne",
            "scheduler_hints": [],
            "security_groups": [
              "default"
            ],
            "stop_before_destroy": false,
            "tags": null,
            "timeouts": null,
            "updated": "2026-01-26 09:20:24 +0000 UTC",
            "user_data": null,
            "vendor_options": [],
            "volume": []
          },
          "sensitive_attributes": [
            [
              {
                "type": "get_attr",
                "value": "admin_pass"
              }
            ]
          ],
          "identity_schema_version": 0,
          "private": "eyJlMmJmYjczMC1lY2FhLTExZTYtOGY4OC0zNDM2M2JjN2M0YzAiOnsiY3JlYXRlIjoxODAwMDAwMDAwMDAwLCJkZWxldGUiOjE4MDAwMDAwMDAwMDAsInVwZGF0ZSI6MTgwMDAwMDAwMDAwMH19",
          "dependencies": [
            "data.openstack_compute_flavor_v2.small",
            "data.openstack_images_image_v2.cirros"
          ]
        }
      ]
    }
  ],
  "check_results": null
}
